PODS:
  - FlutterMacOS (1.0.0)
  - window_manager_plus (0.0.1):
    - FlutterMacOS

DEPENDENCIES:
  - FlutterMacOS (from `Flutter/ephemeral`)
  - window_manager_plus (from `Flutter/ephemeral/.symlinks/plugins/window_manager_plus/macos`)

EXTERNAL SOURCES:
  FlutterMacOS:
    :path: Flutter/ephemeral
  window_manager_plus:
    :path: Flutter/ephemeral/.symlinks/plugins/window_manager_plus/macos

SPEC CHECKSUMS:
  FlutterMacOS: c232990155153907050900a2e175c7773903ba4e
  window_manager_plus: e29fcf45a372b5312ad381ce5596a007994537ac

PODFILE CHECKSUM: 1e95c36afbfd1cb6423ceca4de7a8e1b256fb6ac

COCOAPODS: 1.17.0
